// !$*UTF8*$!
{
	archiveVersion = 1;
	classes = {
	};
	objectVersion = 46;
	objects = {

/* Begin PBXBuildFile section */
		841FF43D19F4F1B10047CCCB /* Images.xcassets in Resources */ = {isa = PBXBuildFile; fileRef = 841FF43C19F4F1B10047CCCB /* Images.xcassets */; };
		8435E3A219F58299008D7396 /* libc++.dylib in Frameworks */ = {isa = PBXBuildFile; fileRef = 8435E3A119F58299008D7396 /* libc++.dylib */; };
		8436BED719E6D08F0088FF70 /* main.m in Sources */ = {isa = PBXBuildFile; fileRef = 8436BED619E6D08F0088FF70 /* main.m */; };
		8436BEDA19E6D08F0088FF70 /* AppDelegate.m in Sources */ = {isa = PBXBuildFile; fileRef = 8436BED919E6D08F0088FF70 /* AppDelegate.m */; };
		8436BEDD19E6D08F0088FF70 /* HomeViewController.m in Sources */ = {isa = PBXBuildFile; fileRef = 8436BEDC19E6D08F0088FF70 /* HomeViewController.m */; };
		8436BEE019E6D08F0088FF70 /* EventViewController.m in Sources */ = {isa = PBXBuildFile; fileRef = 8436BEDF19E6D08F0088FF70 /* EventViewController.m */; };
		8436BEE319E6D08F0088FF70 /* Main.storyboard in Resources */ = {isa = PBXBuildFile; fileRef = 8436BEE119E6D08F0088FF70 /* Main.storyboard */; };
		8436BEE819E6D08F0088FF70 /* LaunchScreen.xib in Resources */ = {isa = PBXBuildFile; fileRef = 8436BEE619E6D08F0088FF70 /* LaunchScreen.xib */; };
		8436BEF419E6D08F0088FF70 /* kuplat_appTests.m in Sources */ = {isa = PBXBuildFile; fileRef = 8436BEF319E6D08F0088FF70 /* kuplat_appTests.m */; };
		8436BF0719EE0DB00088FF70 /* MapViewController.m in Sources */ = {isa = PBXBuildFile; fileRef = 8436BF0619EE0DB00088FF70 /* MapViewController.m */; };
		8436BF0919EE0E4C0088FF70 /* ProfileViewController.m in Sources */ = {isa = PBXBuildFile; fileRef = 8436BF0819EE0E4C0088FF70 /* ProfileViewController.m */; };
		8436BF0B19EE0E5F0088FF70 /* RestaurantViewController.m in Sources */ = {isa = PBXBuildFile; fileRef = 8436BF0A19EE0E5F0088FF70 /* RestaurantViewController.m */; };
		843FE86F1A07E6AC002A8637 /* RestaurantTableViewCell.m in Sources */ = {isa = PBXBuildFile; fileRef = 843FE86E1A07E6AC002A8637 /* RestaurantTableViewCell.m */; };
		845100DB19F93FF10015F583 /* EventDetailView.xib in Resources */ = {isa = PBXBuildFile; fileRef = 845100DA19F93FF10015F583 /* EventDetailView.xib */; };
		845100E419FA36E00015F583 /* EventDetailViewController.storyboard in Resources */ = {isa = PBXBuildFile; fileRef = 845100E319FA36E00015F583 /* EventDetailViewController.storyboard */; };
		845100E619FA380B0015F583 /* EventDetailViewController.m in Sources */ = {isa = PBXBuildFile; fileRef = 845100E519FA380B0015F583 /* EventDetailViewController.m */; };
		845100EA19FA47E10015F583 /* EventDetailView.m in Sources */ = {isa = PBXBuildFile; fileRef = 845100E919FA47E10015F583 /* EventDetailView.m */; };
		84636BEC1A09B4C300AF6601 /* RestaurantItem.m in Sources */ = {isa = PBXBuildFile; fileRef = 84636BEB1A09B4C300AF6601 /* RestaurantItem.m */; };
		84636BEF1A09BA6200AF6601 /* RestaurantInformation.m in Sources */ = {isa = PBXBuildFile; fileRef = 84636BEE1A09BA6200AF6601 /* RestaurantInformation.m */; };
		84636BF21A09BB5A00AF6601 /* RestaurantReview.m in Sources */ = {isa = PBXBuildFile; fileRef = 84636BF11A09BB5A00AF6601 /* RestaurantReview.m */; };
		84636BF51A09BC1100AF6601 /* RestaurantMenu.m in Sources */ = {isa = PBXBuildFile; fileRef = 84636BF41A09BC1100AF6601 /* RestaurantMenu.m */; };
		84B792771A016BE60054AE31 /* MenuView.m in Sources */ = {isa = PBXBuildFile; fileRef = 84B792761A016BE60054AE31 /* MenuView.m */; };
		84B7927B1A016C6F0054AE31 /* MenuView.xib in Resources */ = {isa = PBXBuildFile; fileRef = 84B7927A1A016C6F0054AE31 /* MenuView.xib */; };
		84D6C2661A01FB8B00B4DDAA /* RestaurantTableViewCell.xib in Resources */ = {isa = PBXBuildFile; fileRef = 84D6C2651A01FB8B00B4DDAA /* RestaurantTableViewCell.xib */; };
		84D6C2681A020B0400B4DDAA /* EventTableViewCell.xib in Resources */ = {isa = PBXBuildFile; fileRef = 84D6C2671A020B0400B4DDAA /* EventTableViewCell.xib */; };
		84D6C26B1A020D7100B4DDAA /* EventTableViewCell.m in Sources */ = {isa = PBXBuildFile; fileRef = 84D6C26A1A020D7100B4DDAA /* EventTableViewCell.m */; };
		84E1BAE41A092B6E003EA808 /* RestaurantDetailView.xib in Resources */ = {isa = PBXBuildFile; fileRef = 84E1BAE31A092B6E003EA808 /* RestaurantDetailView.xib */; };
		84E1BAE71A092B8B003EA808 /* RestaurantDetailView.m in Sources */ = {isa = PBXBuildFile; fileRef = 84E1BAE61A092B8B003EA808 /* RestaurantDetailView.m */; };
		84E1BAEB1A092BBE003EA808 /* RestaurantDetailViewController.m in Sources */ = {isa = PBXBuildFile; fileRef = 84E1BAE91A092BBE003EA808 /* RestaurantDetailViewController.m */; };
		84E1BAEE1A092CE1003EA808 /* RestaurantDetailViewController.storyboard in Resources */ = {isa = PBXBuildFile; fileRef = 84E1BAED1A092CE1003EA808 /* RestaurantDetailViewController.storyboard */; };
		84ECC6D619F54511002B9A24 /* Podfile in Resources */ = {isa = PBXBuildFile; fileRef = 84ECC6D419F54511002B9A24 /* Podfile */; };
		84F8AF2B19F578BC001BE0FD /* GoogleMaps.framework in Frameworks */ = {isa = PBXBuildFile; fileRef = 84F8AF2A19F578BC001BE0FD /* GoogleMaps.framework */; };
		84F8AF2E19F579B5001BE0FD /* GoogleMaps.bundle in Resources */ = {isa = PBXBuildFile; fileRef = 84F8AF2D19F579B5001BE0FD /* GoogleMaps.bundle */; };
		84F8AF3019F579E0001BE0FD /* AVFoundation.framework in Frameworks */ = {isa = PBXBuildFile; fileRef = 84F8AF2F19F579E0001BE0FD /* AVFoundation.framework */; };
		84F8AF3219F579EA001BE0FD /* CoreData.framework in Frameworks */ = {isa = PBXBuildFile; fileRef = 84F8AF3119F579EA001BE0FD /* CoreData.framework */; };
		84F8AF3419F579F4001BE0FD /* CoreLocation.framework in Frameworks */ = {isa = PBXBuildFile; fileRef = 84F8AF3319F579F4001BE0FD /* CoreLocation.framework */; };
		84F8AF3619F579FE001BE0FD /* CoreText.framework in Frameworks */ = {isa = PBXBuildFile; fileRef = 84F8AF3519F579FE001BE0FD /* CoreText.framework */; };
		84F8AF3819F57A07001BE0FD /* GLKit.framework in Frameworks */ = {isa = PBXBuildFile; fileRef = 84F8AF3719F57A07001BE0FD /* GLKit.framework */; };
		84F8AF3A19F57A0F001BE0FD /* ImageIO.framework in Frameworks */ = {isa = PBXBuildFile; fileRef = 84F8AF3919F57A0F001BE0FD /* ImageIO.framework */; };
		84F8AF3C19F57A1E001BE0FD /* libicucore.dylib in Frameworks */ = {isa = PBXBuildFile; fileRef = 84F8AF3B19F57A1E001BE0FD /* libicucore.dylib */; };
		84F8AF3E19F57A2D001BE0FD /* libstdc++.dylib in Frameworks */ = {isa = PBXBuildFile; fileRef = 84F8AF3D19F57A2D001BE0FD /* libstdc++.dylib */; };
		84F8AF4019F57A38001BE0FD /* libz.dylib in Frameworks */ = {isa = PBXBuildFile; fileRef = 84F8AF3F19F57A38001BE0FD /* libz.dylib */; };
		84F8AF4219F57A41001BE0FD /* OpenGLES.framework in Frameworks */ = {isa = PBXBuildFile; fileRef = 84F8AF4119F57A41001BE0FD /* OpenGLES.framework */; };
		84F8AF4419F57A4D001BE0FD /* QuartzCore.framework in Frameworks */ = {isa = PBXBuildFile; fileRef = 84F8AF4319F57A4D001BE0FD /* QuartzCore.framework */; };
		84F8AF4619F57A57001BE0FD /* SystemConfiguration.framework in Frameworks */ = {isa = PBXBuildFile; fileRef = 84F8AF4519F57A57001BE0FD /* SystemConfiguration.framework */; };
		B04FFCC7ACA20214D4633EB1 /* libPods.a in Frameworks */ = {isa = PBXBuildFile; fileRef = EF0B393565AFB298C848310A /* libPods.a */; };
/* End PBXBuildFile section */

/* Begin PBXContainerItemProxy section */
		8436BEEE19E6D08F0088FF70 /* PBXContainerItemProxy */ = {
			isa = PBXContainerItemProxy;
			containerPortal = 8436BEC919E6D08F0088FF70 /* Project object */;
			proxyType = 1;
			remoteGlobalIDString = 8436BED019E6D08F0088FF70;
			remoteInfo = kuplat_app;
		};
/* End PBXContainerItemProxy section */

/* Begin PBXFileReference section */
		19B1CA722F9A0937DCD6BA56 /* Pods.release.xcconfig */ = {isa = PBXFileReference; includeInIndex = 1; lastKnownFileType = text.xcconfig; name = Pods.release.xcconfig; path = "Pods/Target Support Files/Pods/Pods.release.xcconfig"; sourceTree = "<group>"; };
		750545632A58B8F29FD9E0F4 /* Pods.debug.xcconfig */ = {isa = PBXFileReference; includeInIndex = 1; lastKnownFileType = text.xcconfig; name = Pods.debug.xcconfig; path = "Pods/Target Support Files/Pods/Pods.debug.xcconfig"; sourceTree = "<group>"; };
		841FF43C19F4F1B10047CCCB /* Images.xcassets */ = {isa = PBXFileReference; lastKnownFileType = folder.assetcatalog; path = Images.xcassets; sourceTree = "<group>"; };
		8435E3A119F58299008D7396 /* libc++.dylib */ = {isa = PBXFileReference; lastKnownFileType = "compiled.mach-o.dylib"; name = "libc++.dylib"; path = "usr/lib/libc++.dylib"; sourceTree = SDKROOT; };
		8436BED119E6D08F0088FF70 /* kuplat_app.app */ = {isa = PBXFileReference; explicitFileType = wrapper.application; includeInIndex = 0; path = kuplat_app.app; sourceTree = BUILT_PRODUCTS_DIR; };
		8436BED519E6D08F0088FF70 /* Info.plist */ = {isa = PBXFileReference; lastKnownFileType = text.plist.xml; path = Info.plist; sourceTree = "<group>"; };
		8436BED619E6D08F0088FF70 /* main.m */ = {isa = PBXFileReference; lastKnownFileType = sourcecode.c.objc; path = main.m; sourceTree = "<group>"; };
		8436BED819E6D08F0088FF70 /* AppDelegate.h */ = {isa = PBXFileReference; lastKnownFileType = sourcecode.c.h; path = AppDelegate.h; sourceTree = "<group>"; };
		8436BED919E6D08F0088FF70 /* AppDelegate.m */ = {isa = PBXFileReference; lastKnownFileType = sourcecode.c.objc; path = AppDelegate.m; sourceTree = "<group>"; };
		8436BEDB19E6D08F0088FF70 /* HomeViewController.h */ = {isa = PBXFileReference; lastKnownFileType = sourcecode.c.h; path = HomeViewController.h; sourceTree = "<group>"; };
		8436BEDC19E6D08F0088FF70 /* HomeViewController.m */ = {isa = PBXFileReference; lastKnownFileType = sourcecode.c.objc; path = HomeViewController.m; sourceTree = "<group>"; };
		8436BEDE19E6D08F0088FF70 /* EventViewController.h */ = {isa = PBXFileReference; lastKnownFileType = sourcecode.c.h; path = EventViewController.h; sourceTree = "<group>"; };
		8436BEDF19E6D08F0088FF70 /* EventViewController.m */ = {isa = PBXFileReference; lastKnownFileType = sourcecode.c.objc; path = EventViewController.m; sourceTree = "<group>"; };
		8436BEE219E6D08F0088FF70 /* Base */ = {isa = PBXFileReference; lastKnownFileType = file.storyboard; name = Base; path = Base.lproj/Main.storyboard; sourceTree = "<group>"; };
		8436BEE719E6D08F0088FF70 /* Base */ = {isa = PBXFileReference; lastKnownFileType = file.xib; name = Base; path = Base.lproj/LaunchScreen.xib; sourceTree = "<group>"; };
		8436BEED19E6D08F0088FF70 /* kuplat_appTests.xctest */ = {isa = PBXFileReference; explicitFileType = wrapper.cfbundle; includeInIndex = 0; path = kuplat_appTests.xctest; sourceTree = BUILT_PRODUCTS_DIR; };
		8436BEF219E6D08F0088FF70 /* Info.plist */ = {isa = PBXFileReference; lastKnownFileType = text.plist.xml; path = Info.plist; sourceTree = "<group>"; };
		8436BEF319E6D08F0088FF70 /* kuplat_appTests.m */ = {isa = PBXFileReference; lastKnownFileType = sourcecode.c.objc; path = kuplat_appTests.m; sourceTree = "<group>"; };
		8436BF0319EE0D880088FF70 /* RestaurantViewController.h */ = {isa = PBXFileReference; lastKnownFileType = sourcecode.c.h; path = RestaurantViewController.h; sourceTree = "<group>"; };
		8436BF0419EE0D970088FF70 /* MapViewController.h */ = {isa = PBXFileReference; lastKnownFileType = sourcecode.c.h; path = MapViewController.h; sourceTree = "<group>"; };
		8436BF0519EE0DA40088FF70 /* ProfileViewController.h */ = {isa = PBXFileReference; lastKnownFileType = sourcecode.c.h; path = ProfileViewController.h; sourceTree = "<group>"; };
		8436BF0619EE0DB00088FF70 /* MapViewController.m */ = {isa = PBXFileReference; fileEncoding = 4; lastKnownFileType = sourcecode.c.objc; path = MapViewController.m; sourceTree = "<group>"; };
		8436BF0819EE0E4C0088FF70 /* ProfileViewController.m */ = {isa = PBXFileReference; fileEncoding = 4; lastKnownFileType = sourcecode.c.objc; path = ProfileViewController.m; sourceTree = "<group>"; };
		8436BF0A19EE0E5F0088FF70 /* RestaurantViewController.m */ = {isa = PBXFileReference; fileEncoding = 4; lastKnownFileType = sourcecode.c.objc; path = RestaurantViewController.m; sourceTree = "<group>"; };
		843FE86D1A07E6AC002A8637 /* RestaurantTableViewCell.h */ = {isa = PBXFileReference; fileEncoding = 4; lastKnownFileType = sourcecode.c.h; path = RestaurantTableViewCell.h; sourceTree = "<group>"; };
		843FE86E1A07E6AC002A8637 /* RestaurantTableViewCell.m */ = {isa = PBXFileReference; fileEncoding = 4; lastKnownFileType = sourcecode.c.objc; path = RestaurantTableViewCell.m; sourceTree = "<group>"; };
		845100DA19F93FF10015F583 /* EventDetailView.xib */ = {isa = PBXFileReference; fileEncoding = 4; lastKnownFileType = file.xib; path = EventDetailView.xib; sourceTree = "<group>"; };
		845100E319FA36E00015F583 /* EventDetailViewController.storyboard */ = {isa = PBXFileReference; fileEncoding = 4; lastKnownFileType = file.storyboard; path = EventDetailViewController.storyboard; sourceTree = "<group>"; };
		845100E519FA380B0015F583 /* EventDetailViewController.m */ = {isa = PBXFileReference; fileEncoding = 4; lastKnownFileType = sourcecode.c.objc; path = EventDetailViewController.m; sourceTree = "<group>"; };
		845100E719FA38210015F583 /* EventDetailViewController.h */ = {isa = PBXFileReference; lastKnownFileType = sourcecode.c.h; path = EventDetailViewController.h; sourceTree = "<group>"; };
		845100E819FA47AC0015F583 /* EventDetailView.h */ = {isa = PBXFileReference; lastKnownFileType = sourcecode.c.h; path = EventDetailView.h; sourceTree = "<group>"; };
		845100E919FA47E10015F583 /* EventDetailView.m */ = {isa = PBXFileReference; fileEncoding = 4; lastKnownFileType = sourcecode.c.objc; path = EventDetailView.m; sourceTree = "<group>"; };
		84636BEA1A09B4C300AF6601 /* RestaurantItem.h */ = {isa = PBXFileReference; fileEncoding = 4; lastKnownFileType = sourcecode.c.h; path = RestaurantItem.h; sourceTree = "<group>"; };
		84636BEB1A09B4C300AF6601 /* RestaurantItem.m */ = {isa = PBXFileReference; fileEncoding = 4; lastKnownFileType = sourcecode.c.objc; path = RestaurantItem.m; sourceTree = "<group>"; };
		84636BED1A09BA6200AF6601 /* RestaurantInformation.h */ = {isa = PBXFileReference; fileEncoding = 4; lastKnownFileType = sourcecode.c.h; path = RestaurantInformation.h; sourceTree = "<group>"; };
		84636BEE1A09BA6200AF6601 /* RestaurantInformation.m */ = {isa = PBXFileReference; fileEncoding = 4; lastKnownFileType = sourcecode.c.objc; path = RestaurantInformation.m; sourceTree = "<group>"; };
		84636BF01A09BB5A00AF6601 /* RestaurantReview.h */ = {isa = PBXFileReference; fileEncoding = 4; lastKnownFileType = sourcecode.c.h; path = RestaurantReview.h; sourceTree = "<group>"; };
		84636BF11A09BB5A00AF6601 /* RestaurantReview.m */ = {isa = PBXFileReference; fileEncoding = 4; lastKnownFileType = sourcecode.c.objc; path = RestaurantReview.m; sourceTree = "<group>"; };
		84636BF31A09BC1000AF6601 /* RestaurantMenu.h */ = {isa = PBXFileReference; fileEncoding = 4; lastKnownFileType = sourcecode.c.h; path = RestaurantMenu.h; sourceTree = "<group>"; };
		84636BF41A09BC1100AF6601 /* RestaurantMenu.m */ = {isa = PBXFileReference; fileEncoding = 4; lastKnownFileType = sourcecode.c.objc; path = RestaurantMenu.m; sourceTree = "<group>"; };
		84B792751A016BE60054AE31 /* MenuView.h */ = {isa = PBXFileReference; fileEncoding = 4; lastKnownFileType = sourcecode.c.h; path = MenuView.h; sourceTree = "<group>"; };
		84B792761A016BE60054AE31 /* MenuView.m */ = {isa = PBXFileReference; fileEncoding = 4; lastKnownFileType = sourcecode.c.objc; path = MenuView.m; sourceTree = "<group>"; };
		84B7927A1A016C6F0054AE31 /* MenuView.xib */ = {isa = PBXFileReference; fileEncoding = 4; lastKnownFileType = file.xib; path = MenuView.xib; sourceTree = "<group>"; };
		84D6C2651A01FB8B00B4DDAA /* RestaurantTableViewCell.xib */ = {isa = PBXFileReference; fileEncoding = 4; lastKnownFileType = file.xib; path = RestaurantTableViewCell.xib; sourceTree = "<group>"; };
		84D6C2671A020B0400B4DDAA /* EventTableViewCell.xib */ = {isa = PBXFileReference; fileEncoding = 4; lastKnownFileType = file.xib; path = EventTableViewCell.xib; sourceTree = "<group>"; };
		84D6C2691A020D7100B4DDAA /* EventTableViewCell.h */ = {isa = PBXFileReference; fileEncoding = 4; lastKnownFileType = sourcecode.c.h; path = EventTableViewCell.h; sourceTree = "<group>"; };
		84D6C26A1A020D7100B4DDAA /* EventTableViewCell.m */ = {isa = PBXFileReference; fileEncoding = 4; lastKnownFileType = sourcecode.c.objc; path = EventTableViewCell.m; sourceTree = "<group>"; };
		84E1BAE31A092B6E003EA808 /* RestaurantDetailView.xib */ = {isa = PBXFileReference; fileEncoding = 4; lastKnownFileType = file.xib; path = RestaurantDetailView.xib; sourceTree = "<group>"; };
		84E1BAE51A092B8B003EA808 /* RestaurantDetailView.h */ = {isa = PBXFileReference; fileEncoding = 4; lastKnownFileType = sourcecode.c.h; path = RestaurantDetailView.h; sourceTree = "<group>"; };
		84E1BAE61A092B8B003EA808 /* RestaurantDetailView.m */ = {isa = PBXFileReference; fileEncoding = 4; lastKnownFileType = sourcecode.c.objc; path = RestaurantDetailView.m; sourceTree = "<group>"; };
		84E1BAE81A092BBE003EA808 /* RestaurantDetailViewController.h */ = {isa = PBXFileReference; fileEncoding = 4; lastKnownFileType = sourcecode.c.h; path = RestaurantDetailViewController.h; sourceTree = "<group>"; };
		84E1BAE91A092BBE003EA808 /* RestaurantDetailViewController.m */ = {isa = PBXFileReference; fileEncoding = 4; lastKnownFileType = sourcecode.c.objc; path = RestaurantDetailViewController.m; sourceTree = "<group>"; };
		84E1BAED1A092CE1003EA808 /* RestaurantDetailViewController.storyboard */ = {isa = PBXFileReference; fileEncoding = 4; lastKnownFileType = file.storyboard; path = RestaurantDetailViewController.storyboard; sourceTree = "<group>"; };
		84ECC6D419F54511002B9A24 /* Podfile */ = {isa = PBXFileReference; fileEncoding = 4; lastKnownFileType = text; path = Podfile; sourceTree = "<group>"; };
		84F8AF2A19F578BC001BE0FD /* GoogleMaps.framework */ = {isa = PBXFileReference; lastKnownFileType = wrapper.framework; name = GoogleMaps.framework; path = "../../Downloads/GoogleMaps-iOS-1.8.1/GoogleMaps.framework"; sourceTree = "<group>"; };
		84F8AF2D19F579B5001BE0FD /* GoogleMaps.bundle */ = {isa = PBXFileReference; lastKnownFileType = "wrapper.plug-in"; path = GoogleMaps.bundle; sourceTree = "<group>"; };
		84F8AF2F19F579E0001BE0FD /* AVFoundation.framework */ = {isa = PBXFileReference; lastKnownFileType = wrapper.framework; name = AVFoundation.framework; path = System/Library/Frameworks/AVFoundation.framework; sourceTree = SDKROOT; };
		84F8AF3119F579EA001BE0FD /* CoreData.framework */ = {isa = PBXFileReference; lastKnownFileType = wrapper.framework; name = CoreData.framework; path = System/Library/Frameworks/CoreData.framework; sourceTree = SDKROOT; };
		84F8AF3319F579F4001BE0FD /* CoreLocation.framework */ = {isa = PBXFileReference; lastKnownFileType = wrapper.framework; name = CoreLocation.framework; path = System/Library/Frameworks/CoreLocation.framework; sourceTree = SDKROOT; };
		84F8AF3519F579FE001BE0FD /* CoreText.framework */ = {isa = PBXFileReference; lastKnownFileType = wrapper.framework; name = CoreText.framework; path = System/Library/Frameworks/CoreText.framework; sourceTree = SDKROOT; };
		84F8AF3719F57A07001BE0FD /* GLKit.framework */ = {isa = PBXFileReference; lastKnownFileType = wrapper.framework; name = GLKit.framework; path = System/Library/Frameworks/GLKit.framework; sourceTree = SDKROOT; };
		84F8AF3919F57A0F001BE0FD /* ImageIO.framework */ = {isa = PBXFileReference; lastKnownFileType = wrapper.framework; name = ImageIO.framework; path = System/Library/Frameworks/ImageIO.framework; sourceTree = SDKROOT; };
		84F8AF3B19F57A1E001BE0FD /* libicucore.dylib */ = {isa = PBXFileReference; lastKnownFileType = "compiled.mach-o.dylib"; name = libicucore.dylib; path = usr/lib/libicucore.dylib; sourceTree = SDKROOT; };
		84F8AF3D19F57A2D001BE0FD /* libstdc++.dylib */ = {isa = PBXFileReference; lastKnownFileType = "compiled.mach-o.dylib"; name = "libstdc++.dylib"; path = "usr/lib/libstdc++.dylib"; sourceTree = SDKROOT; };
		84F8AF3F19F57A38001BE0FD /* libz.dylib */ = {isa = PBXFileReference; lastKnownFileType = "compiled.mach-o.dylib"; name = libz.dylib; path = usr/lib/libz.dylib; sourceTree = SDKROOT; };
		84F8AF4119F57A41001BE0FD /* OpenGLES.framework */ = {isa = PBXFileReference; lastKnownFileType = wrapper.framework; name = OpenGLES.framework; path = System/Library/Frameworks/OpenGLES.framework; sourceTree = SDKROOT; };
		84F8AF4319F57A4D001BE0FD /* QuartzCore.framework */ = {isa = PBXFileReference; lastKnownFileType = wrapper.framework; name = QuartzCore.framework; path = System/Library/Frameworks/QuartzCore.framework; sourceTree = SDKROOT; };
		84F8AF4519F57A57001BE0FD /* SystemConfiguration.framework */ = {isa = PBXFileReference; lastKnownFileType = wrapper.framework; name = SystemConfiguration.framework; path = System/Library/Frameworks/SystemConfiguration.framework; sourceTree = SDKROOT; };
		EF0B393565AFB298C848310A /* libPods.a */ = {isa = PBXFileReference; explicitFileType = archive.ar; includeInIndex = 0; path = libPods.a; sourceTree = BUILT_PRODUCTS_DIR; };
/* End PBXFileReference section */

/* Begin PBXFrameworksBuildPhase section */
		8436BECE19E6D08F0088FF70 /* Frameworks */ = {
			isa = PBXFrameworksBuildPhase;
			buildActionMask = 2147483647;
			files = (
				8435E3A219F58299008D7396 /* libc++.dylib in Frameworks */,
				84F8AF4619F57A57001BE0FD /* SystemConfiguration.framework in Frameworks */,
				84F8AF4419F57A4D001BE0FD /* QuartzCore.framework in Frameworks */,
				84F8AF4219F57A41001BE0FD /* OpenGLES.framework in Frameworks */,
				84F8AF4019F57A38001BE0FD /* libz.dylib in Frameworks */,
				84F8AF3E19F57A2D001BE0FD /* libstdc++.dylib in Frameworks */,
				84F8AF3C19F57A1E001BE0FD /* libicucore.dylib in Frameworks */,
				84F8AF3A19F57A0F001BE0FD /* ImageIO.framework in Frameworks */,
				84F8AF3819F57A07001BE0FD /* GLKit.framework in Frameworks */,
				84F8AF3619F579FE001BE0FD /* CoreText.framework in Frameworks */,
				84F8AF3419F579F4001BE0FD /* CoreLocation.framework in Frameworks */,
				84F8AF3219F579EA001BE0FD /* CoreData.framework in Frameworks */,
				84F8AF3019F579E0001BE0FD /* AVFoundation.framework in Frameworks */,
				84F8AF2B19F578BC001BE0FD /* GoogleMaps.framework in Frameworks */,
				B04FFCC7ACA20214D4633EB1 /* libPods.a in Frameworks */,
			);
			runOnlyForDeploymentPostprocessing = 0;
		};
		8436BEEA19E6D08F0088FF70 /* Frameworks */ = {
			isa = PBXFrameworksBuildPhase;
			buildActionMask = 2147483647;
			files = (
			);
			runOnlyForDeploymentPostprocessing = 0;
		};
/* End PBXFrameworksBuildPhase section */

/* Begin PBXGroup section */
		27EC64EECA300D1242A77D2A /* Pods */ = {
			isa = PBXGroup;
			children = (
				750545632A58B8F29FD9E0F4 /* Pods.debug.xcconfig */,
				19B1CA722F9A0937DCD6BA56 /* Pods.release.xcconfig */,
			);
			name = Pods;
			sourceTree = "<group>";
		};
		8436BEC819E6D08F0088FF70 = {
			isa = PBXGroup;
			children = (
				84ECC6D419F54511002B9A24 /* Podfile */,
				8436BED319E6D08F0088FF70 /* kuplat_app */,
				8436BEF019E6D08F0088FF70 /* kuplat_appTests */,
				84F8AF2C19F57987001BE0FD /* Frameworks */,
				8436BED219E6D08F0088FF70 /* Products */,
				27EC64EECA300D1242A77D2A /* Pods */,
			);
			sourceTree = "<group>";
		};
		8436BED219E6D08F0088FF70 /* Products */ = {
			isa = PBXGroup;
			children = (
				8436BED119E6D08F0088FF70 /* kuplat_app.app */,
				8436BEED19E6D08F0088FF70 /* kuplat_appTests.xctest */,
			);
			name = Products;
			sourceTree = "<group>";
		};
		8436BED319E6D08F0088FF70 /* kuplat_app */ = {
			isa = PBXGroup;
			children = (
				8436BED819E6D08F0088FF70 /* AppDelegate.h */,
				8436BED919E6D08F0088FF70 /* AppDelegate.m */,
				8436BEE119E6D08F0088FF70 /* Main.storyboard */,
				8436BEDB19E6D08F0088FF70 /* HomeViewController.h */,
				8436BEDC19E6D08F0088FF70 /* HomeViewController.m */,
				843FE8701A084AAB002A8637 /* EventView */,
				843FE8711A084ACD002A8637 /* RestaurantView */,
				8436BF0419EE0D970088FF70 /* MapViewController.h */,
				8436BF0619EE0DB00088FF70 /* MapViewController.m */,
				8436BF0519EE0DA40088FF70 /* ProfileViewController.h */,
				8436BF0819EE0E4C0088FF70 /* ProfileViewController.m */,
				84B792751A016BE60054AE31 /* MenuView.h */,
				84B792761A016BE60054AE31 /* MenuView.m */,
				84B7927A1A016C6F0054AE31 /* MenuView.xib */,
				841FF43C19F4F1B10047CCCB /* Images.xcassets */,
				8436BEE619E6D08F0088FF70 /* LaunchScreen.xib */,
				8436BED419E6D08F0088FF70 /* Supporting Files */,
			);
			path = kuplat_app;
			sourceTree = "<group>";
		};
		8436BED419E6D08F0088FF70 /* Supporting Files */ = {
			isa = PBXGroup;
			children = (
				8436BED519E6D08F0088FF70 /* Info.plist */,
				8436BED619E6D08F0088FF70 /* main.m */,
			);
			name = "Supporting Files";
			sourceTree = "<group>";
		};
		8436BEF019E6D08F0088FF70 /* kuplat_appTests */ = {
			isa = PBXGroup;
			children = (
				8436BEF319E6D08F0088FF70 /* kuplat_appTests.m */,
				8436BEF119E6D08F0088FF70 /* Supporting Files */,
			);
			path = kuplat_appTests;
			sourceTree = "<group>";
		};
		8436BEF119E6D08F0088FF70 /* Supporting Files */ = {
			isa = PBXGroup;
			children = (
				8436BEF219E6D08F0088FF70 /* Info.plist */,
			);
			name = "Supporting Files";
			sourceTree = "<group>";
		};
		843FE8701A084AAB002A8637 /* EventView */ = {
			isa = PBXGroup;
			children = (
				8436BEDE19E6D08F0088FF70 /* EventViewController.h */,
				8436BEDF19E6D08F0088FF70 /* EventViewController.m */,
				845100E719FA38210015F583 /* EventDetailViewController.h */,
				845100E519FA380B0015F583 /* EventDetailViewController.m */,
				845100E319FA36E00015F583 /* EventDetailViewController.storyboard */,
				845100E819FA47AC0015F583 /* EventDetailView.h */,
				845100E919FA47E10015F583 /* EventDetailView.m */,
				845100DA19F93FF10015F583 /* EventDetailView.xib */,
				84D6C2691A020D7100B4DDAA /* EventTableViewCell.h */,
				84D6C26A1A020D7100B4DDAA /* EventTableViewCell.m */,
				84D6C2671A020B0400B4DDAA /* EventTableViewCell.xib */,
			);
			name = EventView;
			sourceTree = "<group>";
		};
		843FE8711A084ACD002A8637 /* RestaurantView */ = {
			isa = PBXGroup;
			children = (
				8436BF0319EE0D880088FF70 /* RestaurantViewController.h */,
				8436BF0A19EE0E5F0088FF70 /* RestaurantViewController.m */,
				84E1BAE81A092BBE003EA808 /* RestaurantDetailViewController.h */,
				84E1BAE91A092BBE003EA808 /* RestaurantDetailViewController.m */,
				84E1BAED1A092CE1003EA808 /* RestaurantDetailViewController.storyboard */,
				84E1BAE51A092B8B003EA808 /* RestaurantDetailView.h */,
				84E1BAE61A092B8B003EA808 /* RestaurantDetailView.m */,
				84E1BAE31A092B6E003EA808 /* RestaurantDetailView.xib */,
				843FE86D1A07E6AC002A8637 /* RestaurantTableViewCell.h */,
				843FE86E1A07E6AC002A8637 /* RestaurantTableViewCell.m */,
				84D6C2651A01FB8B00B4DDAA /* RestaurantTableViewCell.xib */,
				84636BEA1A09B4C300AF6601 /* RestaurantItem.h */,
				84636BEB1A09B4C300AF6601 /* RestaurantItem.m */,
				84636BED1A09BA6200AF6601 /* RestaurantInformation.h */,
				84636BEE1A09BA6200AF6601 /* RestaurantInformation.m */,
				84636BF01A09BB5A00AF6601 /* RestaurantReview.h */,
				84636BF11A09BB5A00AF6601 /* RestaurantReview.m */,
				84636BF31A09BC1000AF6601 /* RestaurantMenu.h */,
				84636BF41A09BC1100AF6601 /* RestaurantMenu.m */,
			);
			name = RestaurantView;
			sourceTree = "<group>";
		};
		84F8AF2C19F57987001BE0FD /* Frameworks */ = {
			isa = PBXGroup;
			children = (
				8435E3A119F58299008D7396 /* libc++.dylib */,
				84F8AF2A19F578BC001BE0FD /* GoogleMaps.framework */,
				84F8AF4519F57A57001BE0FD /* SystemConfiguration.framework */,
				84F8AF4319F57A4D001BE0FD /* QuartzCore.framework */,
				84F8AF4119F57A41001BE0FD /* OpenGLES.framework */,
				84F8AF3F19F57A38001BE0FD /* libz.dylib */,
				84F8AF3D19F57A2D001BE0FD /* libstdc++.dylib */,
				84F8AF3B19F57A1E001BE0FD /* libicucore.dylib */,
				84F8AF3919F57A0F001BE0FD /* ImageIO.framework */,
				84F8AF3719F57A07001BE0FD /* GLKit.framework */,
				84F8AF3519F579FE001BE0FD /* CoreText.framework */,
				84F8AF3319F579F4001BE0FD /* CoreLocation.framework */,
				84F8AF3119F579EA001BE0FD /* CoreData.framework */,
				84F8AF2F19F579E0001BE0FD /* AVFoundation.framework */,
				84F8AF2D19F579B5001BE0FD /* GoogleMaps.bundle */,
				EF0B393565AFB298C848310A /* libPods.a */,
			);
			name = Frameworks;
			sourceTree = "<group>";
		};
/* End PBXGroup section */

/* Begin PBXNativeTarget section */
		8436BED019E6D08F0088FF70 /* kuplat_app */ = {
			isa = PBXNativeTarget;
			buildConfigurationList = 8436BEF719E6D08F0088FF70 /* Build configuration list for PBXNativeTarget "kuplat_app" */;
			buildPhases = (
				AA9F74140071035367700E3D /* Check Pods Manifest.lock */,
				8436BECD19E6D08F0088FF70 /* Sources */,
				8436BECE19E6D08F0088FF70 /* Frameworks */,
				8436BECF19E6D08F0088FF70 /* Resources */,
				D692C1CF067E68A898D09E64 /* Copy Pods Resources */,
			);
			buildRules = (
			);
			dependencies = (
			);
			name = kuplat_app;
			productName = kuplat_app;
			productReference = 8436BED119E6D08F0088FF70 /* kuplat_app.app */;
			productType = "com.apple.product-type.application";
		};
		8436BEEC19E6D08F0088FF70 /* kuplat_appTests */ = {
			isa = PBXNativeTarget;
			buildConfigurationList = 8436BEFA19E6D08F0088FF70 /* Build configuration list for PBXNativeTarget "kuplat_appTests" */;
			buildPhases = (
				8436BEE919E6D08F0088FF70 /* Sources */,
				8436BEEA19E6D08F0088FF70 /* Frameworks */,
				8436BEEB19E6D08F0088FF70 /* Resources */,
			);
			buildRules = (
			);
			dependencies = (
				8436BEEF19E6D08F0088FF70 /* PBXTargetDependency */,
			);
			name = kuplat_appTests;
			productName = kuplat_appTests;
			productReference = 8436BEED19E6D08F0088FF70 /* kuplat_appTests.xctest */;
			productType = "com.apple.product-type.bundle.unit-test";
		};
/* End PBXNativeTarget section */

/* Begin PBXProject section */
		8436BEC919E6D08F0088FF70 /* Project object */ = {
			isa = PBXProject;
			attributes = {
				LastUpgradeCheck = 0610;
				ORGANIZATIONNAME = Wakabayashi.Lab;
				TargetAttributes = {
					8436BED019E6D08F0088FF70 = {
						CreatedOnToolsVersion = 6.0.1;
						DevelopmentTeam = 9UHGWB8493;
					};
					8436BEEC19E6D08F0088FF70 = {
						CreatedOnToolsVersion = 6.0.1;
						TestTargetID = 8436BED019E6D08F0088FF70;
					};
				};
			};
			buildConfigurationList = 8436BECC19E6D08F0088FF70 /* Build configuration list for PBXProject "kuplat_app" */;
			compatibilityVersion = "Xcode 3.2";
			developmentRegion = English;
			hasScannedForEncodings = 0;
			knownRegions = (
				en,
				Base,
			);
			mainGroup = 8436BEC819E6D08F0088FF70;
			productRefGroup = 8436BED219E6D08F0088FF70 /* Products */;
			projectDirPath = "";
			projectRoot = "";
			targets = (
				8436BED019E6D08F0088FF70 /* kuplat_app */,
				8436BEEC19E6D08F0088FF70 /* kuplat_appTests */,
			);
		};
/* End PBXProject section */

/* Begin PBXResourcesBuildPhase section */
		8436BECF19E6D08F0088FF70 /* Resources */ = {
			isa = PBXResourcesBuildPhase;
			buildActionMask = 2147483647;
			files = (
				84D6C2681A020B0400B4DDAA /* EventTableViewCell.xib in Resources */,
				841FF43D19F4F1B10047CCCB /* Images.xcassets in Resources */,
				8436BEE319E6D08F0088FF70 /* Main.storyboard in Resources */,
				84E1BAEE1A092CE1003EA808 /* RestaurantDetailViewController.storyboard in Resources */,
				845100DB19F93FF10015F583 /* EventDetailView.xib in Resources */,
				84F8AF2E19F579B5001BE0FD /* GoogleMaps.bundle in Resources */,
				84D6C2661A01FB8B00B4DDAA /* RestaurantTableViewCell.xib in Resources */,
				84ECC6D619F54511002B9A24 /* Podfile in Resources */,
				84B7927B1A016C6F0054AE31 /* MenuView.xib in Resources */,
				84E1BAE41A092B6E003EA808 /* RestaurantDetailView.xib in Resources */,
				8436BEE819E6D08F0088FF70 /* LaunchScreen.xib in Resources */,
				845100E419FA36E00015F583 /* EventDetailViewController.storyboard in Resources */,
			);
			runOnlyForDeploymentPostprocessing = 0;
		};
		8436BEEB19E6D08F0088FF70 /* Resources */ = {
			isa = PBXResourcesBuildPhase;
			buildActionMask = 2147483647;
			files = (
			);
			runOnlyForDeploymentPostprocessing = 0;
		};
/* End PBXResourcesBuildPhase section */

/* Begin PBXShellScriptBuildPhase section */
		AA9F74140071035367700E3D /* Check Pods Manifest.lock */ = {
			isa = PBXShellScriptBuildPhase;
			buildActionMask = 2147483647;
			files = (
			);
			inputPaths = (
			);
			name = "Check Pods Manifest.lock";
			outputPaths = (
			);
			runOnlyForDeploymentPostprocessing = 0;
			shellPath = /bin/sh;
			shellScript = "diff \"${PODS_ROOT}/../Podfile.lock\" \"${PODS_ROOT}/Manifest.lock\" > /dev/null\nif [[ $? != 0 ]] ; then\n    cat << EOM\nerror: The sandbox is not in sync with the Podfile.lock. Run 'pod install' or update your CocoaPods installation.\nEOM\n    exit 1\nfi\n";
			showEnvVarsInLog = 0;
		};
		D692C1CF067E68A898D09E64 /* Copy Pods Resources */ = {
			isa = PBXShellScriptBuildPhase;
			buildActionMask = 2147483647;
			files = (
			);
			inputPaths = (
			);
			name = "Copy Pods Resources";
			outputPaths = (
			);
			runOnlyForDeploymentPostprocessing = 0;
			shellPath = /bin/sh;
			shellScript = "\"${SRCROOT}/Pods/Target Support Files/Pods/Pods-resources.sh\"\n";
			showEnvVarsInLog = 0;
		};
/* End PBXShellScriptBuildPhase section */

/* Begin PBXSourcesBuildPhase section */
		8436BECD19E6D08F0088FF70 /* Sources */ = {
			isa = PBXSourcesBuildPhase;
			buildActionMask = 2147483647;
			files = (
				8436BEE019E6D08F0088FF70 /* EventViewController.m in Sources */,
				84636BEF1A09BA6200AF6601 /* RestaurantInformation.m in Sources */,
				8436BF0B19EE0E5F0088FF70 /* RestaurantViewController.m in Sources */,
				845100E619FA380B0015F583 /* EventDetailViewController.m in Sources */,
				8436BEDA19E6D08F0088FF70 /* AppDelegate.m in Sources */,
				8436BF0719EE0DB00088FF70 /* MapViewController.m in Sources */,
				8436BF0919EE0E4C0088FF70 /* ProfileViewController.m in Sources */,
				84636BEC1A09B4C300AF6601 /* RestaurantItem.m in Sources */,
				84E1BAE71A092B8B003EA808 /* RestaurantDetailView.m in Sources */,
				84D6C26B1A020D7100B4DDAA /* EventTableViewCell.m in Sources */,
				8436BEDD19E6D08F0088FF70 /* HomeViewController.m in Sources */,
				843FE86F1A07E6AC002A8637 /* RestaurantTableViewCell.m in Sources */,
				8436BED719E6D08F0088FF70 /* main.m in Sources */,
				84636BF51A09BC1100AF6601 /* RestaurantMenu.m in Sources */,
				845100EA19FA47E10015F583 /* EventDetailView.m in Sources */,
				84E1BAEB1A092BBE003EA808 /* RestaurantDetailViewController.m in Sources */,
				84B792771A016BE60054AE31 /* MenuView.m in Sources */,
				84636BF21A09BB5A00AF6601 /* RestaurantReview.m in Sources */,
			);
			runOnlyForDeploymentPostprocessing = 0;
		};
		8436BEE919E6D08F0088FF70 /* Sources */ = {
			isa = PBXSourcesBuildPhase;
			buildActionMask = 2147483647;
			files = (
				8436BEF419E6D08F0088FF70 /* kuplat_appTests.m in Sources */,
			);
			runOnlyForDeploymentPostprocessing = 0;
		};
/* End PBXSourcesBuildPhase section */

/* Begin PBXTargetDependency section */
		8436BEEF19E6D08F0088FF70 /* PBXTargetDependency */ = {
			isa = PBXTargetDependency;
			target = 8436BED019E6D08F0088FF70 /* kuplat_app */;
			targetProxy = 8436BEEE19E6D08F0088FF70 /* PBXContainerItemProxy */;
		};
/* End PBXTargetDependency section */

/* Begin PBXVariantGroup section */
		8436BEE119E6D08F0088FF70 /* Main.storyboard */ = {
			isa = PBXVariantGroup;
			children = (
				8436BEE219E6D08F0088FF70 /* Base */,
			);
			name = Main.storyboard;
			sourceTree = "<group>";
		};
		8436BEE619E6D08F0088FF70 /* LaunchScreen.xib */ = {
			isa = PBXVariantGroup;
			children = (
				8436BEE719E6D08F0088FF70 /* Base */,
			);
			name = LaunchScreen.xib;
			sourceTree = "<group>";
		};
/* End PBXVariantGroup section */

/* Begin XCBuildConfiguration section */
		8436BEF519E6D08F0088FF70 /* Debug */ = {
			isa = XCBuildConfiguration;
			buildSettings = {
				ALWAYS_SEARCH_USER_PATHS = NO;
				CLANG_CXX_LANGUAGE_STANDARD = "gnu++0x";
				CLANG_CXX_LIBRARY = "libc++";
				CLANG_ENABLE_MODULES = YES;
				CLANG_ENABLE_OBJC_ARC = YES;
				CLANG_WARN_BOOL_CONVERSION = YES;
				CLANG_WARN_CONSTANT_CONVERSION = YES;
				CLANG_WARN_DIRECT_OBJC_ISA_USAGE = YES_ERROR;
				CLANG_WARN_EMPTY_BODY = YES;
				CLANG_WARN_ENUM_CONVERSION = YES;
				CLANG_WARN_INT_CONVERSION = YES;
				CLANG_WARN_OBJC_ROOT_CLASS = YES_ERROR;
				CLANG_WARN_UNREACHABLE_CODE = YES;
				CLANG_WARN__DUPLICATE_METHOD_MATCH = YES;
				"CODE_SIGN_IDENTITY[sdk=iphoneos*]" = "iPhone Developer";
				COPY_PHASE_STRIP = NO;
				ENABLE_STRICT_OBJC_MSGSEND = YES;
				GCC_C_LANGUAGE_STANDARD = gnu99;
				GCC_DYNAMIC_NO_PIC = NO;
				GCC_OPTIMIZATION_LEVEL = 0;
				GCC_PREPROCESSOR_DEFINITIONS = (
					"DEBUG=1",
					"$(inherited)",
				);
				GCC_SYMBOLS_PRIVATE_EXTERN = NO;
				GCC_WARN_64_TO_32_BIT_CONVERSION = YES;
				GCC_WARN_ABOUT_RETURN_TYPE = YES_ERROR;
				GCC_WARN_UNDECLARED_SELECTOR = YES;
				GCC_WARN_UNINITIALIZED_AUTOS = YES_AGGRESSIVE;
				GCC_WARN_UNUSED_FUNCTION = YES;
				GCC_WARN_UNUSED_VARIABLE = YES;
				IPHONEOS_DEPLOYMENT_TARGET = 6.0;
				MTL_ENABLE_DEBUG_INFO = YES;
				ONLY_ACTIVE_ARCH = YES;
				OTHER_LDFLAGS = "-ObjC";
				SDKROOT = iphoneos;
			};
			name = Debug;
		};
		8436BEF619E6D08F0088FF70 /* Release */ = {
			isa = XCBuildConfiguration;
			buildSettings = {
				ALWAYS_SEARCH_USER_PATHS = NO;
				CLANG_CXX_LANGUAGE_STANDARD = "gnu++0x";
				CLANG_CXX_LIBRARY = "libc++";
				CLANG_ENABLE_MODULES = YES;
				CLANG_ENABLE_OBJC_ARC = YES;
				CLANG_WARN_BOOL_CONVERSION = YES;
				CLANG_WARN_CONSTANT_CONVERSION = YES;
				CLANG_WARN_DIRECT_OBJC_ISA_USAGE = YES_ERROR;
				CLANG_WARN_EMPTY_BODY = YES;
				CLANG_WARN_ENUM_CONVERSION = YES;
				CLANG_WARN_INT_CONVERSION = YES;
				CLANG_WARN_OBJC_ROOT_CLASS = YES_ERROR;
				CLANG_WARN_UNREACHABLE_CODE = YES;
				CLANG_WARN__DUPLICATE_METHOD_MATCH = YES;
				"CODE_SIGN_IDENTITY[sdk=iphoneos*]" = "iPhone Developer";
				COPY_PHASE_STRIP = YES;
				ENABLE_NS_ASSERTIONS = NO;
				ENABLE_STRICT_OBJC_MSGSEND = YES;
				GCC_C_LANGUAGE_STANDARD = gnu99;
				GCC_WARN_64_TO_32_BIT_CONVERSION = YES;
				GCC_WARN_ABOUT_RETURN_TYPE = YES_ERROR;
				GCC_WARN_UNDECLARED_SELECTOR = YES;
				GCC_WARN_UNINITIALIZED_AUTOS = YES_AGGRESSIVE;
				GCC_WARN_UNUSED_FUNCTION = YES;
				GCC_WARN_UNUSED_VARIABLE = YES;
				IPHONEOS_DEPLOYMENT_TARGET = 6.0;
				MTL_ENABLE_DEBUG_INFO = NO;
				OTHER_LDFLAGS = "-ObjC";
				SDKROOT = iphoneos;
				VALIDATE_PRODUCT = YES;
			};
			name = Release;
		};
		8436BEF819E6D08F0088FF70 /* Debug */ = {
			isa = XCBuildConfiguration;
			baseConfigurationReference = 750545632A58B8F29FD9E0F4 /* Pods.debug.xcconfig */;
			buildSettings = {
				ASSETCATALOG_COMPILER_APPICON_NAME = AppIcon;
				ASSETCATALOG_COMPILER_LAUNCHIMAGE_NAME = LaunchImage;
				CODE_SIGN_IDENTITY = "iPhone Developer";
				"CODE_SIGN_IDENTITY[sdk=iphoneos*]" = "iPhone Developer";
				FRAMEWORK_SEARCH_PATHS = (
					"$(inherited)",
					"/Users/admin/Downloads/GoogleMaps-iOS-1.8.1",
				);
				INFOPLIST_FILE = kuplat_app/Info.plist;
				LD_RUNPATH_SEARCH_PATHS = "$(inherited) @executable_path/Frameworks";
				OTHER_LDFLAGS = "-ObjC";
				PRODUCT_NAME = "$(TARGET_NAME)";
				PROVISIONING_PROFILE = "";
			};
			name = Debug;
		};
		8436BEF919E6D08F0088FF70 /* Release */ = {
			isa = XCBuildConfiguration;
			baseConfigurationReference = 19B1CA722F9A0937DCD6BA56 /* Pods.release.xcconfig */;
			buildSettings = {
				ASSETCATALOG_COMPILER_APPICON_NAME = AppIcon;
				ASSETCATALOG_COMPILER_LAUNCHIMAGE_NAME = LaunchImage;
				CODE_SIGN_IDENTITY = "iPhone Developer";
				"CODE_SIGN_IDENTITY[sdk=iphoneos*]" = "iPhone Developer";
				FRAMEWORK_SEARCH_PATHS = (
					"$(inherited)",
					"/Users/admin/Downloads/GoogleMaps-iOS-1.8.1",
				);
				INFOPLIST_FILE = kuplat_app/Info.plist;
				LD_RUNPATH_SEARCH_PATHS = "$(inherited) @executable_path/Frameworks";
				OTHER_LDFLAGS = "-ObjC";
				PRODUCT_NAME = "$(TARGET_NAME)";
				PROVISIONING_PROFILE = "";
			};
			name = Release;
		};
		8436BEFB19E6D08F0088FF70 /* Debug */ = {
			isa = XCBuildConfiguration;
			buildSettings = {
				BUNDLE_LOADER = "$(TEST_HOST)";
				FRAMEWORK_SEARCH_PATHS = (
					"$(SDKROOT)/Developer/Library/Frameworks",
					"$(inherited)",
				);
				GCC_PREPROCESSOR_DEFINITIONS = (
					"DEBUG=1",
					"$(inherited)",
				);
				INFOPLIST_FILE = kuplat_appTests/Info.plist;
				LD_RUNPATH_SEARCH_PATHS = "$(inherited) @executable_path/Frameworks @loader_path/Frameworks";
				PRODUCT_NAME = "$(TARGET_NAME)";
				TEST_HOST = "$(BUILT_PRODUCTS_DIR)/kuplat_app.app/kuplat_app";
			};
			name = Debug;
		};
		8436BEFC19E6D08F0088FF70 /* Release */ = {
			isa = XCBuildConfiguration;
			buildSettings = {
				BUNDLE_LOADER = "$(TEST_HOST)";
				FRAMEWORK_SEARCH_PATHS = (
					"$(SDKROOT)/Developer/Library/Frameworks",
					"$(inherited)",
				);
				INFOPLIST_FILE = kuplat_appTests/Info.plist;
				LD_RUNPATH_SEARCH_PATHS = "$(inherited) @executable_path/Frameworks @loader_path/Frameworks";
				PRODUCT_NAME = "$(TARGET_NAME)";
				TEST_HOST = "$(BUILT_PRODUCTS_DIR)/kuplat_app.app/kuplat_app";
			};
			name = Release;
		};
/* End XCBuildConfiguration section */

/* Begin XCConfigurationList section */
		8436BECC19E6D08F0088FF70 /* Build configuration list for PBXProject "kuplat_app" */ = {
			isa = XCConfigurationList;
			buildConfigurations = (
				8436BEF519E6D08F0088FF70 /* Debug */,
				8436BEF619E6D08F0088FF70 /* Release */,
			);
			defaultConfigurationIsVisible = 0;
			defaultConfigurationName = Release;
		};
		8436BEF719E6D08F0088FF70 /* Build configuration list for PBXNativeTarget "kuplat_app" */ = {
			isa = XCConfigurationList;
			buildConfigurations = (
				8436BEF819E6D08F0088FF70 /* Debug */,
				8436BEF919E6D08F0088FF70 /* Release */,
			);
			defaultConfigurationIsVisible = 0;
			defaultConfigurationName = Release;
		};
		8436BEFA19E6D08F0088FF70 /* Build configuration list for PBXNativeTarget "kuplat_appTests" */ = {
			isa = XCConfigurationList;
			buildConfigurations = (
				8436BEFB19E6D08F0088FF70 /* Debug */,
				8436BEFC19E6D08F0088FF70 /* Release */,
			);
			defaultConfigurationIsVisible = 0;
			defaultConfigurationName = Release;
		};
/* End XCConfigurationList section */
	};
	rootObject = 8436BEC919E6D08F0088FF70 /* Project object */;
}
